
Microsoft Visual Studio Solution File, Format Version 12.00
# Visual Studio Version 16
VisualStudioVersion = 16.0.30907.101
MinimumVisualStudioVersion = 10.0.40219.1
Project("{9A19103F-16F7-4668-BE54-9A1E7A4F7556}") = "Zack.ComObjectHelpers", "Zack.ComObjectHelpers\Zack.ComObjectHelpers.csproj", "{EA65A17E-A10A-43AC-AEFC-7F6F52FA0822}"
EndProject
Project("{FAE04EC0-301F-11D3-BF4B-00C04F79EFBC}") = "Tests", "Tests\Tests.csproj", "{A7F85ABF-F71C-441E-9853-FEDF3F75E4B6}"
EndProject
Global
	GlobalSection(SolutionConfigurationPlatforms) = preSolution
		Debug|Any CPU = Debug|Any CPU
		Release|Any CPU = Release|Any CPU
	EndGlobalSection
	GlobalSection(ProjectConfigurationPlatforms) = postSolution
		{EA65A17E-A10A-43AC-AEFC-7F6F52FA0822}.Debug|Any CPU.ActiveCfg = Debug|Any CPU
		{EA65A17E-A10A-43AC-AEFC-7F6F52FA0822}.Debug|Any CPU.Build.0 = Debug|Any CPU
		{EA65A17E-A10A-43AC-AEFC-7F6F52FA0822}.Release|Any CPU.ActiveCfg = Release|Any CPU
		{EA65A17E-A10A-43AC-AEFC-7F6F52FA0822}.Release|Any CPU.Build.0 = Release|Any CPU
		{A7F85ABF-F71C-441E-9853-FEDF3F75E4B6}.Debug|Any CPU.ActiveCfg = Debug|Any CPU
		{A7F85ABF-F71C-441E-9853-FEDF3F75E4B6}.Debug|Any CPU.Build.0 = Debug|Any CPU
		{A7F85ABF-F71C-441E-9853-FEDF3F75E4B6}.Release|Any CPU.ActiveCfg = Release|Any CPU
		{A7F85ABF-F71C-441E-9853-FEDF3F75E4B6}.Release|Any CPU.Build.0 = Release|Any CPU
	EndGlobalSection
	GlobalSection(SolutionProperties) = preSolution
		HideSolutionNode = FALSE
	EndGlobalSection
	GlobalSection(ExtensibilityGlobals) = postSolution
		SolutionGuid = {10DBF3A4-0979-4490-BC6D-9E1B258C2AA5}
	EndGlobalSection
EndGlobal
